// !$*UTF8*$!
{
	archiveVersion = 1;
	classes = {
	};
	objectVersion = 46;
	objects = {

/* Begin PBXBuildFile section */
		C14C49451D3E18A700B1D76B /* main.m in Sources */ = {isa = PBXBuildFile; fileRef = C14C49441D3E18A700B1D76B /* main.m */; };
		C14C49481D3E18A700B1D76B /* AppDelegate.m in Sources */ = {isa = PBXBuildFile; fileRef = C14C49471D3E18A700B1D76B /* AppDelegate.m */; };
		C14C494B1D3E18A700B1D76B /* ViewController.m in Sources */ = {isa = PBXBuildFile; fileRef = C14C494A1D3E18A700B1D76B /* ViewController.m */; };
		C14C494E1D3E18A700B1D76B /* Main.storyboard in Resources */ = {isa = PBXBuildFile; fileRef = C14C494C1D3E18A700B1D76B /* Main.storyboard */; };
		C14C49531D3E18A700B1D76B /* LaunchScreen.storyboard in Resources */ = {isa = PBXBuildFile; fileRef = C14C49511D3E18A700B1D76B /* LaunchScreen.storyboard */; };
		C14C495D1D3E2A5D00B1D76B /* javascript.html in Resources */ = {isa = PBXBuildFile; fileRef = C14C495C1D3E2A5D00B1D76B /* javascript.html */; };
		C14C49601D3E377A00B1D76B /* twoViewController.m in Sources */ = {isa = PBXBuildFile; fileRef = C14C495F1D3E377A00B1D76B /* twoViewController.m */; };
		C1DE7B1D1D3F79B100CB3FD0 /* JavaScriptCore.framework in Frameworks */ = {isa = PBXBuildFile; fileRef = C1DE7B1C1D3F79B100CB3FD0 /* JavaScriptCore.framework */; };
/* End PBXBuildFile section */

/* Begin PBXFileReference section */
		C14C49401D3E18A700B1D76B /* js-with-native.app */ = {isa = PBXFileReference; explicitFileType = wrapper.application; includeInIndex = 0; path = "js-with-native.app"; sourceTree = BUILT_PRODUCTS_DIR; };
		C14C49441D3E18A700B1D76B /* main.m */ = {isa = PBXFileReference; lastKnownFileType = sourcecode.c.objc; path = main.m; sourceTree = "<group>"; };
		C14C49461D3E18A700B1D76B /* AppDelegate.h */ = {isa = PBXFileReference; lastKnownFileType = sourcecode.c.h; path = AppDelegate.h; sourceTree = "<group>"; };
		C14C49471D3E18A700B1D76B /* AppDelegate.m */ = {isa = PBXFileReference; lastKnownFileType = sourcecode.c.objc; path = AppDelegate.m; sourceTree = "<group>"; };
		C14C49491D3E18A700B1D76B /* ViewController.h */ = {isa = PBXFileReference; lastKnownFileType = sourcecode.c.h; path = ViewController.h; sourceTree = "<group>"; };
		C14C494A1D3E18A700B1D76B /* ViewController.m */ = {isa = PBXFileReference; lastKnownFileType = sourcecode.c.objc; path = ViewController.m; sourceTree = "<group>"; };
		C14C494D1D3E18A700B1D76B /* Base */ = {isa = PBXFileReference; lastKnownFileType = file.storyboard; name = Base; path = Base.lproj/Main.storyboard; sourceTree = "<group>"; };
		C14C49521D3E18A700B1D76B /* Base */ = {isa = PBXFileReference; lastKnownFileType = file.storyboard; name = Base; path = Base.lproj/LaunchScreen.storyboard; sourceTree = "<group>"; };
		C14C49541D3E18A700B1D76B /* Info.plist */ = {isa = PBXFileReference; lastKnownFileType = text.plist.xml; path = Info.plist; sourceTree = "<group>"; };
		C14C495C1D3E2A5D00B1D76B /* javascript.html */ = {isa = PBXFileReference; fileEncoding = 4; lastKnownFileType = text.html; path = javascript.html; sourceTree = "<group>"; };
		C14C495E1D3E377A00B1D76B /* twoViewController.h */ = {isa = PBXFileReference; fileEncoding = 4; lastKnownFileType = sourcecode.c.h; path = twoViewController.h; sourceTree = "<group>"; };
		C14C495F1D3E377A00B1D76B /* twoViewController.m */ = {isa = PBXFileReference; fileEncoding = 4; lastKnownFileType = sourcecode.c.objc; path = twoViewController.m; sourceTree = "<group>"; };
		C1DE7B1C1D3F79B100CB3FD0 /* JavaScriptCore.framework */ = {isa = PBXFileReference; lastKnownFileType = wrapper.framework; name = JavaScriptCore.framework; path = System/Library/Frameworks/JavaScriptCore.framework; sourceTree = SDKROOT; };
/* End PBXFileReference section */

/* Begin PBXFrameworksBuildPhase section */
		C14C493D1D3E18A700B1D76B /* Frameworks */ = {
			isa = PBXFrameworksBuildPhase;
			buildActionMask = 2147483647;
			files = (
				C1DE7B1D1D3F79B100CB3FD0 /* JavaScriptCore.framework in Frameworks */,
			);
			runOnlyForDeploymentPostprocessing = 0;
		};
/* End PBXFrameworksBuildPhase section */

/* Begin PBXGroup section */
		C14C49371D3E18A700B1D76B = {
			isa = PBXGroup;
			children = (
				C1DE7B1C1D3F79B100CB3FD0 /* JavaScriptCore.framework */,
				C14C49421D3E18A700B1D76B /* js-with-native */,
				C14C49411D3E18A700B1D76B /* Products */,
			);
			sourceTree = "<group>";
		};
		C14C49411D3E18A700B1D76B /* Products */ = {
			isa = PBXGroup;
			children = (
				C14C49401D3E18A700B1D76B /* js-with-native.app */,
			);
			name = Products;
			sourceTree = "<group>";
		};
		C14C49421D3E18A700B1D76B /* js-with-native */ = {
			isa = PBXGroup;
			children = (
				C14C49461D3E18A700B1D76B /* AppDelegate.h */,
				C14C49471D3E18A700B1D76B /* AppDelegate.m */,
				C14C49491D3E18A700B1D76B /* ViewController.h */,
				C14C494A1D3E18A700B1D76B /* ViewController.m */,
				C14C495E1D3E377A00B1D76B /* twoViewController.h */,
				C14C495F1D3E377A00B1D76B /* twoViewController.m */,
				C14C494C1D3E18A700B1D76B /* Main.storyboard */,
				C14C49511D3E18A700B1D76B /* LaunchScreen.storyboard */,
				C14C49541D3E18A700B1D76B /* Info.plist */,
				C14C495C1D3E2A5D00B1D76B /* javascript.html */,
				C14C49431D3E18A700B1D76B /* Supporting Files */,
			);
			path = "js-with-native";
			sourceTree = "<group>";
		};
		C14C49431D3E18A700B1D76B /* Supporting Files */ = {
			isa = PBXGroup;
			children = (
				C14C49441D3E18A700B1D76B /* main.m */,
			);
			name = "Supporting Files";
			sourceTree = "<group>";
		};
/* End PBXGroup section */

/* Begin PBXNativeTarget section */
		C14C493F1D3E18A700B1D76B /* js-with-native */ = {
			isa = PBXNativeTarget;
			buildConfigurationList = C14C49571D3E18A700B1D76B /* Build configuration list for PBXNativeTarget "js-with-native" */;
			buildPhases = (
				C14C493C1D3E18A700B1D76B /* Sources */,
				C14C493D1D3E18A700B1D76B /* Frameworks */,
				C14C493E1D3E18A700B1D76B /* Resources */,
			);
			buildRules = (
			);
			dependencies = (
			);
			name = "js-with-native";
			productName = "js-with-native";
			productReference = C14C49401D3E18A700B1D76B /* js-with-native.app */;
			productType = "com.apple.product-type.application";
		};
/* End PBXNativeTarget section */

/* Begin PBXProject section */
		C14C49381D3E18A700B1D76B /* Project object */ = {
			isa = PBXProject;
			attributes = {
				LastUpgradeCheck = 0730;
				ORGANIZATIONNAME = "朱益达";
				TargetAttributes = {
					C14C493F1D3E18A700B1D76B = {
						CreatedOnToolsVersion = 7.3.1;
					};
				};
			};
			buildConfigurationList = C14C493B1D3E18A700B1D76B /* Build configuration list for PBXProject "js-with-native" */;
			compatibilityVersion = "Xcode 3.2";
			developmentRegion = English;
			hasScannedForEncodings = 0;
			knownRegions = (
				en,
				Base,
			);
			mainGroup = C14C49371D3E18A700B1D76B;
			productRefGroup = C14C49411D3E18A700B1D76B /* Products */;
			projectDirPath = "";
			projectRoot = "";
			targets = (
				C14C493F1D3E18A700B1D76B /* js-with-native */,
			);
		};
/* End PBXProject section */

/* Begin PBXResourcesBuildPhase section */
		C14C493E1D3E18A700B1D76B /* Resources */ = {
			isa = PBXResourcesBuildPhase;
			buildActionMask = 2147483647;
			files = (
				C14C49531D3E18A700B1D76B /* LaunchScreen.storyboard in Resources */,
				C14C494E1D3E18A700B1D76B /* Main.storyboard in Resources */,
				C14C495D1D3E2A5D00B1D76B /* javascript.html in Resources */,
			);
			runOnlyForDeploymentPostprocessing = 0;
		};
/* End PBXResourcesBuildPhase section */

/* Begin PBXSourcesBuildPhase section */
		C14C493C1D3E18A700B1D76B /* Sources */ = {
			isa = PBXSourcesBuildPhase;
			buildActionMask = 2147483647;
			files = (
				C14C494B1D3E18A700B1D76B /* ViewController.m in Sources */,
				C14C49481D3E18A700B1D76B /* AppDelegate.m in Sources */,
				C14C49451D3E18A700B1D76B /* main.m in Sources */,
				C14C49601D3E377A00B1D76B /* twoViewController.m in Sources */,
			);
			runOnlyForDeploymentPostprocessing = 0;
		};
/* End PBXSourcesBuildPhase section */

/* Begin PBXVariantGroup section */
		C14C494C1D3E18A700B1D76B /* Main.storyboard */ = {
			isa = PBXVariantGroup;
			children = (
				C14C494D1D3E18A700B1D76B /* Base */,
			);
			name = Main.storyboard;
			sourceTree = "<group>";
		};
		C14C49511D3E18A700B1D76B /* LaunchScreen.storyboard */ = {
			isa = PBXVariantGroup;
			children = (
				C14C49521D3E18A700B1D76B /* Base */,
			);
			name = LaunchScreen.storyboard;
			sourceTree = "<group>";
		};
/* End PBXVariantGroup section */

/* Begin XCBuildConfiguration section */
		C14C49551D3E18A700B1D76B /* Debug */ = {
			isa = XCBuildConfiguration;
			buildSettings = {
				ALWAYS_SEARCH_USER_PATHS = NO;
				CLANG_ANALYZER_NONNULL = YES;
				CLANG_CXX_LANGUAGE_STANDARD = "gnu++0x";
				CLANG_CXX_LIBRARY = "libc++";
				CLANG_ENABLE_MODULES = YES;
				CLANG_ENABLE_OBJC_ARC = YES;
				CLANG_WARN_BOOL_CONVERSION = YES;
				CLANG_WARN_CONSTANT_CONVERSION = YES;
				CLANG_WARN_DIRECT_OBJC_ISA_USAGE = YES_ERROR;
				CLANG_WARN_EMPTY_BODY = YES;
				CLANG_WARN_ENUM_CONVERSION = YES;
				CLANG_WARN_INT_CONVERSION = YES;
				CLANG_WARN_OBJC_ROOT_CLASS = YES_ERROR;
				CLANG_WARN_UNREACHABLE_CODE = YES;
				CLANG_WARN__DUPLICATE_METHOD_MATCH = YES;
				"CODE_SIGN_IDENTITY[sdk=iphoneos*]" = "iPhone Developer";
				COPY_PHASE_STRIP = NO;
				DEBUG_INFORMATION_FORMAT = dwarf;
				ENABLE_STRICT_OBJC_MSGSEND = YES;
				ENABLE_TESTABILITY = YES;
				GCC_C_LANGUAGE_STANDARD = gnu99;
				GCC_DYNAMIC_NO_PIC = NO;
				GCC_NO_COMMON_BLOCKS = YES;
				GCC_OPTIMIZATION_LEVEL = 0;
				GCC_PREPROCESSOR_DEFINITIONS = (
					"DEBUG=1",
					"$(inherited)",
				);
				GCC_WARN_64_TO_32_BIT_CONVERSION = YES;
				GCC_WARN_ABOUT_RETURN_TYPE = YES_ERROR;
				GCC_WARN_UNDECLARED_SELECTOR = YES;
				GCC_WARN_UNINITIALIZED_AUTOS = YES_AGGRESSIVE;
				GCC_WARN_UNUSED_FUNCTION = YES;
				GCC_WARN_UNUSED_VARIABLE = YES;
				IPHONEOS_DEPLOYMENT_TARGET = 9.3;
				MTL_ENABLE_DEBUG_INFO = YES;
				ONLY_ACTIVE_ARCH = YES;
				SDKROOT = iphoneos;
				TARGETED_DEVICE_FAMILY = "1,2";
			};
			name = Debug;
		};
		C14C49561D3E18A700B1D76B /* Release */ = {
			isa = XCBuildConfiguration;
			buildSettings = {
				ALWAYS_SEARCH_USER_PATHS = NO;
				CLANG_ANALYZER_NONNULL = YES;
				CLANG_CXX_LANGUAGE_STANDARD = "gnu++0x";
				CLANG_CXX_LIBRARY = "libc++";
				CLANG_ENABLE_MODULES = YES;
				CLANG_ENABLE_OBJC_ARC = YES;
				CLANG_WARN_BOOL_CONVERSION = YES;
				CLANG_WARN_CONSTANT_CONVERSION = YES;
				CLANG_WARN_DIRECT_OBJC_ISA_USAGE = YES_ERROR;
				CLANG_WARN_EMPTY_BODY = YES;
				CLANG_WARN_ENUM_CONVERSION = YES;
				CLANG_WARN_INT_CONVERSION = YES;
				CLANG_WARN_OBJC_ROOT_CLASS = YES_ERROR;
				CLANG_WARN_UNREACHABLE_CODE = YES;
				CLANG_WARN__DUPLICATE_METHOD_MATCH = YES;
				"CODE_SIGN_IDENTITY[sdk=iphoneos*]" = "iPhone Developer";
				COPY_PHASE_STRIP = NO;
				DEBUG_INFORMATION_FORMAT = "dwarf-with-dsym";
				ENABLE_NS_ASSERTIONS = NO;
				ENABLE_STRICT_OBJC_MSGSEND = YES;
				GCC_C_LANGUAGE_STANDARD = gnu99;
				GCC_NO_COMMON_BLOCKS = YES;
				GCC_WARN_64_TO_32_BIT_CONVERSION = YES;
				GCC_WARN_ABOUT_RETURN_TYPE = YES_ERROR;
				GCC_WARN_UNDECLARED_SELECTOR = YES;
				GCC_WARN_UNINITIALIZED_AUTOS = YES_AGGRESSIVE;
				GCC_WARN_UNUSED_FUNCTION = YES;
				GCC_WARN_UNUSED_VARIABLE = YES;
				IPHONEOS_DEPLOYMENT_TARGET = 9.3;
				MTL_ENABLE_DEBUG_INFO = NO;
				SDKROOT = iphoneos;
				TARGETED_DEVICE_FAMILY = "1,2";
				VALIDATE_PRODUCT = YES;
			};
			name = Release;
		};
		C14C49581D3E18A700B1D76B /* Debug */ = {
			isa = XCBuildConfiguration;
			buildSettings = {
				ASSETCATALOG_COMPILER_APPICON_NAME = AppIcon;
				INFOPLIST_FILE = "js-with-native/Info.plist";
				LD_RUNPATH_SEARCH_PATHS = "$(inherited) @executable_path/Frameworks";
				PRODUCT_BUNDLE_IDENTIFIER = "ZYD.js-with-native";
				PRODUCT_NAME = "$(TARGET_NAME)";
			};
			name = Debug;
		};
		C14C49591D3E18A700B1D76B /* Release */ = {
			isa = XCBuildConfiguration;
			buildSettings = {
				ASSETCATALOG_COMPILER_APPICON_NAME = AppIcon;
				INFOPLIST_FILE = "js-with-native/Info.plist";
				LD_RUNPATH_SEARCH_PATHS = "$(inherited) @executable_path/Frameworks";
				PRODUCT_BUNDLE_IDENTIFIER = "ZYD.js-with-native";
				PRODUCT_NAME = "$(TARGET_NAME)";
			};
			name = Release;
		};
/* End XCBuildConfiguration section */

/* Begin XCConfigurationList section */
		C14C493B1D3E18A700B1D76B /* Build configuration list for PBXProject "js-with-native" */ = {
			isa = XCConfigurationList;
			buildConfigurations = (
				C14C49551D3E18A700B1D76B /* Debug */,
				C14C49561D3E18A700B1D76B /* Release */,
			);
			defaultConfigurationIsVisible = 0;
			defaultConfigurationName = Release;
		};
		C14C49571D3E18A700B1D76B /* Build configuration list for PBXNativeTarget "js-with-native" */ = {
			isa = XCConfigurationList;
			buildConfigurations = (
				C14C49581D3E18A700B1D76B /* Debug */,
				C14C49591D3E18A700B1D76B /* Release */,
			);
			defaultConfigurationIsVisible = 0;
			defaultConfigurationName = Release;
		};
/* End XCConfigurationList section */
	};
	rootObject = C14C49381D3E18A700B1D76B /* Project object */;
}
